
Microsoft Visual Studio Solution File, Format Version 12.00
# Visual Studio Version 17
VisualStudioVersion = 17.0.31903.59
MinimumVisualStudioVersion = 10.0.40219.1
Project("{9A19103F-16F7-4668-BE54-9A1E7A4F7556}") = "ServiceLayerHelper", "ServiceLayerHelper\ServiceLayerHelper.csproj", "{D129182F-1656-437A-97D1-9F4D9E49E470}"
EndProject
Project("{FAE04EC0-301F-11D3-BF4B-00C04F79EFBC}") = "ServiceLayerHelperTest", "ServiceLayerHelperTest\ServiceLayerHelperTest.csproj", "{CF223FB3-39C3-4298-BD30-4F6513F6BE6D}"
EndProject
Global
	GlobalSection(SolutionConfigurationPlatforms) = preSolution
		Debug|Any CPU = Debug|Any CPU
		Release|Any CPU = Release|Any CPU
	EndGlobalSection
	GlobalSection(ProjectConfigurationPlatforms) = postSolution
		{D129182F-1656-437A-97D1-9F4D9E49E470}.Debug|Any CPU.ActiveCfg = Debug|Any CPU
		{D129182F-1656-437A-97D1-9F4D9E49E470}.Debug|Any CPU.Build.0 = Debug|Any CPU
		{D129182F-1656-437A-97D1-9F4D9E49E470}.Release|Any CPU.ActiveCfg = Release|Any CPU
		{D129182F-1656-437A-97D1-9F4D9E49E470}.Release|Any CPU.Build.0 = Release|Any CPU
		{CF223FB3-39C3-4298-BD30-4F6513F6BE6D}.Debug|Any CPU.ActiveCfg = Debug|Any CPU
		{CF223FB3-39C3-4298-BD30-4F6513F6BE6D}.Debug|Any CPU.Build.0 = Debug|Any CPU
		{CF223FB3-39C3-4298-BD30-4F6513F6BE6D}.Release|Any CPU.ActiveCfg = Release|Any CPU
		{CF223FB3-39C3-4298-BD30-4F6513F6BE6D}.Release|Any CPU.Build.0 = Release|Any CPU
	EndGlobalSection
	GlobalSection(SolutionProperties) = preSolution
		HideSolutionNode = FALSE
	EndGlobalSection
	GlobalSection(ExtensibilityGlobals) = postSolution
		SolutionGuid = {85C5CFE9-8894-45D7-9651-4F84019C15B6}
	EndGlobalSection
EndGlobal
